
Microsoft Visual Studio Solution File, Format Version 12.00
# Visual Studio Version 17
VisualStudioVersion = 17.1.32407.343
MinimumVisualStudioVersion = 10.0.40219.1
Project("{FAE04EC0-301F-11D3-BF4B-00C04F79EFBC}") = "ConsoleUI", "ConsoleUI\ConsoleUI.csproj", "{EC71E858-BC2E-4DFE-A5D2-A577DEDBF452}"
EndProject
Global
	GlobalSection(SolutionConfigurationPlatforms) = preSolution
		Debug|Any CPU = Debug|Any CPU
		Release|Any CPU = Release|Any CPU
	EndGlobalSection
	GlobalSection(ProjectConfigurationPlatforms) = postSolution
		{EC71E858-BC2E-4DFE-A5D2-A577DEDBF452}.Debug|Any CPU.ActiveCfg = Debug|Any CPU
		{EC71E858-BC2E-4DFE-A5D2-A577DEDBF452}.Debug|Any CPU.Build.0 = Debug|Any CPU
		{EC71E858-BC2E-4DFE-A5D2-A577DEDBF452}.Release|Any CPU.ActiveCfg = Release|Any CPU
		{EC71E858-BC2E-4DFE-A5D2-A577DEDBF452}.Release|Any CPU.Build.0 = Release|Any CPU
	EndGlobalSection
	GlobalSection(SolutionProperties) = preSolution
		HideSolutionNode = FALSE
	EndGlobalSection
	GlobalSection(ExtensibilityGlobals) = postSolution
		SolutionGuid = {9022ABB0-F46E-49DD-BA7D-281BD6493ED0}
	EndGlobalSection
EndGlobal
